
Microsoft Visual Studio Solution File, Format Version 12.00
# Visual Studio Version 16
VisualStudioVersion = 16.0.32228.343
MinimumVisualStudioVersion = 10.0.40219.1
Project("{FAE04EC0-301F-11D3-BF4B-00C04F79EFBC}") = "Card Game X", "Card Game X\Card Game X.csproj", "{DD8E5CAF-34BC-49BD-B261-5D943D822E91}"
EndProject
Global
	GlobalSection(SolutionConfigurationPlatforms) = preSolution
		Debug|Any CPU = Debug|Any CPU
		Release|Any CPU = Release|Any CPU
	EndGlobalSection
	GlobalSection(ProjectConfigurationPlatforms) = postSolution
		{DD8E5CAF-34BC-49BD-B261-5D943D822E91}.Debug|Any CPU.ActiveCfg = Debug|Any CPU
		{DD8E5CAF-34BC-49BD-B261-5D943D822E91}.Debug|Any CPU.Build.0 = Debug|Any CPU
		{DD8E5CAF-34BC-49BD-B261-5D943D822E91}.Release|Any CPU.ActiveCfg = Release|Any CPU
		{DD8E5CAF-34BC-49BD-B261-5D943D822E91}.Release|Any CPU.Build.0 = Release|Any CPU
	EndGlobalSection
	GlobalSection(SolutionProperties) = preSolution
		HideSolutionNode = FALSE
	EndGlobalSection
	GlobalSection(ExtensibilityGlobals) = postSolution
		SolutionGuid = {91174980-7689-4378-848E-8C429807B9B4}
	EndGlobalSection
EndGlobal
